
Microsoft Visual Studio Solution File, Format Version 12.00
# Visual Studio Version 17
VisualStudioVersion = 17.3.32929.385
MinimumVisualStudioVersion = 10.0.40219.1
Project("{FAE04EC0-301F-11D3-BF4B-00C04F79EFBC}") = "CollectionGeneric_Lab8", "CollectionGeneric_Lab8\CollectionGeneric_Lab8.csproj", "{DCE29EB6-9152-4F6F-BA15-5271E022C92E}"
EndProject
Global
	GlobalSection(SolutionConfigurationPlatforms) = preSolution
		Debug|Any CPU = Debug|Any CPU
		Release|Any CPU = Release|Any CPU
	EndGlobalSection
	GlobalSection(ProjectConfigurationPlatforms) = postSolution
		{DCE29EB6-9152-4F6F-BA15-5271E022C92E}.Debug|Any CPU.ActiveCfg = Debug|Any CPU
		{DCE29EB6-9152-4F6F-BA15-5271E022C92E}.Debug|Any CPU.Build.0 = Debug|Any CPU
		{DCE29EB6-9152-4F6F-BA15-5271E022C92E}.Release|Any CPU.ActiveCfg = Release|Any CPU
		{DCE29EB6-9152-4F6F-BA15-5271E022C92E}.Release|Any CPU.Build.0 = Release|Any CPU
	EndGlobalSection
	GlobalSection(SolutionProperties) = preSolution
		HideSolutionNode = FALSE
	EndGlobalSection
	GlobalSection(ExtensibilityGlobals) = postSolution
		SolutionGuid = {011E0CCF-99FA-4304-9A6B-4C4C4525BB61}
	EndGlobalSection
EndGlobal
